
Microsoft Visual Studio Solution File, Format Version 12.00
# Visual Studio 15
VisualStudioVersion = 15.0.27428.2005
MinimumVisualStudioVersion = 10.0.40219.1
Project("{FAE04EC0-301F-11D3-BF4B-00C04F79EFBC}") = "TerrainZoneSelect", "TerrainZoneSelect.csproj", "{5B3EE57F-67E6-4841-A963-F2E2BE240FC5}"
EndProject
Global
	GlobalSection(SolutionConfigurationPlatforms) = preSolution
		Debug|Any CPU = Debug|Any CPU
		Release|Any CPU = Release|Any CPU
	EndGlobalSection
	GlobalSection(ProjectConfigurationPlatforms) = postSolution
		{5B3EE57F-67E6-4841-A963-F2E2BE240FC5}.Debug|Any CPU.ActiveCfg = Release|Any CPU
		{5B3EE57F-67E6-4841-A963-F2E2BE240FC5}.Debug|Any CPU.Build.0 = Release|Any CPU
		{5B3EE57F-67E6-4841-A963-F2E2BE240FC5}.Release|Any CPU.ActiveCfg = Release|Any CPU
		{5B3EE57F-67E6-4841-A963-F2E2BE240FC5}.Release|Any CPU.Build.0 = Release|Any CPU
	EndGlobalSection
	GlobalSection(SolutionProperties) = preSolution
		HideSolutionNode = FALSE
	EndGlobalSection
	GlobalSection(ExtensibilityGlobals) = postSolution
		SolutionGuid = {39D9BA98-03CA-47CE-ACBE-D5D4732FFE5E}
	EndGlobalSection
EndGlobal
